// !$*UTF8*$!
{
	archiveVersion = 1;
	classes = {
	};
	objectVersion = 56;
	objects = {

/* Begin PBXBuildFile section */
		73346C0614195ED41B4A2C63 /* Pods_matrix_todo.framework in Frameworks */ = {isa = PBXBuildFile; fileRef = 3AE7DCB04F8FFBEFD3043251 /* Pods_matrix_todo.framework */; };
		B12AA66B2ADE678200506AC6 /* MatrixTaskApp.swift in Sources */ = {isa = PBXBuildFile; fileRef = B12AA66A2ADE678200506AC6 /* MatrixTaskApp.swift */; };
		B12AA66D2ADE678200506AC6 /* ContentView.swift in Sources */ = {isa = PBXBuildFile; fileRef = B12AA66C2ADE678200506AC6 /* ContentView.swift */; };
		B12AA66F2ADE678300506AC6 /* Assets.xcassets in Resources */ = {isa = PBXBuildFile; fileRef = B12AA66E2ADE678300506AC6 /* Assets.xcassets */; };
		B12AA6722ADE678300506AC6 /* Preview Assets.xcassets in Resources */ = {isa = PBXBuildFile; fileRef = B12AA6712ADE678300506AC6 /* Preview Assets.xcassets */; };
		B12AA67C2ADE694400506AC6 /* TaskDB.swift in Sources */ = {isa = PBXBuildFile; fileRef = B12AA67B2ADE694400506AC6 /* TaskDB.swift */; };
		B12AA6812ADE741800506AC6 /* ToDoListPage.swift in Sources */ = {isa = PBXBuildFile; fileRef = B12AA6802ADE741800506AC6 /* ToDoListPage.swift */; };
		B12AA6832ADE758D00506AC6 /* TaskListPage.swift in Sources */ = {isa = PBXBuildFile; fileRef = B12AA6822ADE758D00506AC6 /* TaskListPage.swift */; };
		B12AA6862AE03D1200506AC6 /* CustomDatePicker.swift in Sources */ = {isa = PBXBuildFile; fileRef = B12AA6852AE03D1200506AC6 /* CustomDatePicker.swift */; };
		B12AA6882AE047DA00506AC6 /* DateValue.swift in Sources */ = {isa = PBXBuildFile; fileRef = B12AA6872AE047DA00506AC6 /* DateValue.swift */; };
		B13FCFAC2AFF8D97005951B6 /* ViewController.swift in Sources */ = {isa = PBXBuildFile; fileRef = B13FCFAB2AFF8D97005951B6 /* ViewController.swift */; };
		B17C9E242AFE54D800DDB686 /* TaskShowView.swift in Sources */ = {isa = PBXBuildFile; fileRef = B17C9E232AFE54D800DDB686 /* TaskShowView.swift */; };
		B1990E6A2AE107DF00DE4091 /* ToDoSheet.swift in Sources */ = {isa = PBXBuildFile; fileRef = B1990E692AE107DF00DE4091 /* ToDoSheet.swift */; };
		B1990E6C2AE11CF500DE4091 /* ToDoCard.swift in Sources */ = {isa = PBXBuildFile; fileRef = B1990E6B2AE11CF500DE4091 /* ToDoCard.swift */; };
		B1F777072AF2C9E800EF7DAA /* TaskCell.swift in Sources */ = {isa = PBXBuildFile; fileRef = B1F777062AF2C9E800EF7DAA /* TaskCell.swift */; };
		B1F7770A2AF32A2B00EF7DAA /* AddTaskPage.swift in Sources */ = {isa = PBXBuildFile; fileRef = B1F777092AF32A2B00EF7DAA /* AddTaskPage.swift */; };
		B1F7770D2AF50A5900EF7DAA /* ExpandedTaskPage.swift in Sources */ = {isa = PBXBuildFile; fileRef = B1F7770C2AF50A5900EF7DAA /* ExpandedTaskPage.swift */; };
/* End PBXBuildFile section */

/* Begin PBXFileReference section */
		3AE7DCB04F8FFBEFD3043251 /* Pods_matrix_todo.framework */ = {isa = PBXFileReference; explicitFileType = wrapper.framework; includeInIndex = 0; path = Pods_matrix_todo.framework; sourceTree = BUILT_PRODUCTS_DIR; };
		B12AA6672ADE678200506AC6 /* matrix_task.app */ = {isa = PBXFileReference; explicitFileType = wrapper.application; includeInIndex = 0; path = matrix_task.app; sourceTree = BUILT_PRODUCTS_DIR; };
		B12AA66A2ADE678200506AC6 /* MatrixTaskApp.swift */ = {isa = PBXFileReference; lastKnownFileType = sourcecode.swift; path = MatrixTaskApp.swift; sourceTree = "<group>"; };
		B12AA66C2ADE678200506AC6 /* ContentView.swift */ = {isa = PBXFileReference; lastKnownFileType = sourcecode.swift; path = ContentView.swift; sourceTree = "<group>"; };
		B12AA66E2ADE678300506AC6 /* Assets.xcassets */ = {isa = PBXFileReference; lastKnownFileType = folder.assetcatalog; path = Assets.xcassets; sourceTree = "<group>"; };
		B12AA6712ADE678300506AC6 /* Preview Assets.xcassets */ = {isa = PBXFileReference; lastKnownFileType = folder.assetcatalog; path = "Preview Assets.xcassets"; sourceTree = "<group>"; };
		B12AA67B2ADE694400506AC6 /* TaskDB.swift */ = {isa = PBXFileReference; lastKnownFileType = sourcecode.swift; path = TaskDB.swift; sourceTree = "<group>"; };
		B12AA6802ADE741800506AC6 /* ToDoListPage.swift */ = {isa = PBXFileReference; lastKnownFileType = sourcecode.swift; path = ToDoListPage.swift; sourceTree = "<group>"; };
		B12AA6822ADE758D00506AC6 /* TaskListPage.swift */ = {isa = PBXFileReference; fileEncoding = 4; lastKnownFileType = sourcecode.swift; path = TaskListPage.swift; sourceTree = "<group>"; };
		B12AA6852AE03D1200506AC6 /* CustomDatePicker.swift */ = {isa = PBXFileReference; lastKnownFileType = sourcecode.swift; path = CustomDatePicker.swift; sourceTree = "<group>"; };
		B12AA6872AE047DA00506AC6 /* DateValue.swift */ = {isa = PBXFileReference; lastKnownFileType = sourcecode.swift; path = DateValue.swift; sourceTree = "<group>"; };
		B13FCFAB2AFF8D97005951B6 /* ViewController.swift */ = {isa = PBXFileReference; lastKnownFileType = sourcecode.swift; path = ViewController.swift; sourceTree = "<group>"; };
		B17C9E232AFE54D800DDB686 /* TaskShowView.swift */ = {isa = PBXFileReference; lastKnownFileType = sourcecode.swift; path = TaskShowView.swift; sourceTree = "<group>"; };
		B1990E692AE107DF00DE4091 /* ToDoSheet.swift */ = {isa = PBXFileReference; lastKnownFileType = sourcecode.swift; path = ToDoSheet.swift; sourceTree = "<group>"; };
		B1990E6B2AE11CF500DE4091 /* ToDoCard.swift */ = {isa = PBXFileReference; lastKnownFileType = sourcecode.swift; path = ToDoCard.swift; sourceTree = "<group>"; };
		B1F777062AF2C9E800EF7DAA /* TaskCell.swift */ = {isa = PBXFileReference; lastKnownFileType = sourcecode.swift; path = TaskCell.swift; sourceTree = "<group>"; };
		B1F777092AF32A2B00EF7DAA /* AddTaskPage.swift */ = {isa = PBXFileReference; lastKnownFileType = sourcecode.swift; path = AddTaskPage.swift; sourceTree = "<group>"; };
		B1F7770C2AF50A5900EF7DAA /* ExpandedTaskPage.swift */ = {isa = PBXFileReference; lastKnownFileType = sourcecode.swift; path = ExpandedTaskPage.swift; sourceTree = "<group>"; };
		D512B7E4861959220E670B1D /* Pods-matrix_todo.release.xcconfig */ = {isa = PBXFileReference; includeInIndex = 1; lastKnownFileType = text.xcconfig; name = "Pods-matrix_todo.release.xcconfig"; path = "Target Support Files/Pods-matrix_todo/Pods-matrix_todo.release.xcconfig"; sourceTree = "<group>"; };
		E3145875962C8FBE967C2104 /* Pods-matrix_todo.debug.xcconfig */ = {isa = PBXFileReference; includeInIndex = 1; lastKnownFileType = text.xcconfig; name = "Pods-matrix_todo.debug.xcconfig"; path = "Target Support Files/Pods-matrix_todo/Pods-matrix_todo.debug.xcconfig"; sourceTree = "<group>"; };
/* End PBXFileReference section */

/* Begin PBXFrameworksBuildPhase section */
		B12AA6642ADE678200506AC6 /* Frameworks */ = {
			isa = PBXFrameworksBuildPhase;
			buildActionMask = 2147483647;
			files = (
				73346C0614195ED41B4A2C63 /* Pods_matrix_todo.framework in Frameworks */,
			);
			runOnlyForDeploymentPostprocessing = 0;
		};
/* End PBXFrameworksBuildPhase section */

/* Begin PBXGroup section */
		B12AA65E2ADE678200506AC6 = {
			isa = PBXGroup;
			children = (
				B12AA6692ADE678200506AC6 /* matrix_task */,
				B12AA6682ADE678200506AC6 /* Products */,
				E2B706C520C292F273B2393E /* Pods */,
				DC2DA26C639746DDC2E8C2F7 /* Frameworks */,
			);
			sourceTree = "<group>";
		};
		B12AA6682ADE678200506AC6 /* Products */ = {
			isa = PBXGroup;
			children = (
				B12AA6672ADE678200506AC6 /* matrix_task.app */,
			);
			name = Products;
			sourceTree = "<group>";
		};
		B12AA6692ADE678200506AC6 /* matrix_task */ = {
			isa = PBXGroup;
			children = (
				B1F7770B2AF509BE00EF7DAA /* ExpandedTask */,
				B1F777082AF32A0B00EF7DAA /* AddTask */,
				B12AA6842AE03CBD00506AC6 /* ToDoList */,
				B12AA67D2ADE71B500506AC6 /* TaskList */,
				B12AA6782ADE687000506AC6 /* model */,
				B12AA66A2ADE678200506AC6 /* MatrixTaskApp.swift */,
				B12AA66C2ADE678200506AC6 /* ContentView.swift */,
				B12AA66E2ADE678300506AC6 /* Assets.xcassets */,
				B12AA6702ADE678300506AC6 /* Preview Content */,
			);
			path = matrix_task;
			sourceTree = "<group>";
		};
		B12AA6702ADE678300506AC6 /* Preview Content */ = {
			isa = PBXGroup;
			children = (
				B12AA6712ADE678300506AC6 /* Preview Assets.xcassets */,
			);
			path = "Preview Content";
			sourceTree = "<group>";
		};
		B12AA6782ADE687000506AC6 /* model */ = {
			isa = PBXGroup;
			children = (
				B12AA67B2ADE694400506AC6 /* TaskDB.swift */,
				B12AA6872AE047DA00506AC6 /* DateValue.swift */,
				B13FCFAB2AFF8D97005951B6 /* ViewController.swift */,
			);
			path = model;
			sourceTree = "<group>";
		};
		B12AA67D2ADE71B500506AC6 /* TaskList */ = {
			isa = PBXGroup;
			children = (
				B12AA6822ADE758D00506AC6 /* TaskListPage.swift */,
				B1F777062AF2C9E800EF7DAA /* TaskCell.swift */,
			);
			path = TaskList;
			sourceTree = "<group>";
		};
		B12AA6842AE03CBD00506AC6 /* ToDoList */ = {
			isa = PBXGroup;
			children = (
				B12AA6802ADE741800506AC6 /* ToDoListPage.swift */,
				B12AA6852AE03D1200506AC6 /* CustomDatePicker.swift */,
				B1990E692AE107DF00DE4091 /* ToDoSheet.swift */,
				B1990E6B2AE11CF500DE4091 /* ToDoCard.swift */,
			);
			path = ToDoList;
			sourceTree = "<group>";
		};
		B1F777082AF32A0B00EF7DAA /* AddTask */ = {
			isa = PBXGroup;
			children = (
				B1F777092AF32A2B00EF7DAA /* AddTaskPage.swift */,
			);
			path = AddTask;
			sourceTree = "<group>";
		};
		B1F7770B2AF509BE00EF7DAA /* ExpandedTask */ = {
			isa = PBXGroup;
			children = (
				B1F7770C2AF50A5900EF7DAA /* ExpandedTaskPage.swift */,
				B17C9E232AFE54D800DDB686 /* TaskShowView.swift */,
			);
			path = ExpandedTask;
			sourceTree = "<group>";
		};
		DC2DA26C639746DDC2E8C2F7 /* Frameworks */ = {
			isa = PBXGroup;
			children = (
				3AE7DCB04F8FFBEFD3043251 /* Pods_matrix_todo.framework */,
			);
			name = Frameworks;
			sourceTree = "<group>";
		};
		E2B706C520C292F273B2393E /* Pods */ = {
			isa = PBXGroup;
			children = (
				E3145875962C8FBE967C2104 /* Pods-matrix_todo.debug.xcconfig */,
				D512B7E4861959220E670B1D /* Pods-matrix_todo.release.xcconfig */,
			);
			path = Pods;
			sourceTree = "<group>";
		};
/* End PBXGroup section */

/* Begin PBXNativeTarget section */
		B12AA6662ADE678200506AC6 /* matrix_task */ = {
			isa = PBXNativeTarget;
			buildConfigurationList = B12AA6752ADE678300506AC6 /* Build configuration list for PBXNativeTarget "matrix_task" */;
			buildPhases = (
				DAA41801710C7257EB41BFAB /* [CP] Check Pods Manifest.lock */,
				B12AA6632ADE678200506AC6 /* Sources */,
				B12AA6642ADE678200506AC6 /* Frameworks */,
				B12AA6652ADE678200506AC6 /* Resources */,
				850628AA083CD04DB819847E /* [CP] Embed Pods Frameworks */,
			);
			buildRules = (
			);
			dependencies = (
			);
			name = matrix_task;
			productName = matrix_todo;
			productReference = B12AA6672ADE678200506AC6 /* matrix_task.app */;
			productType = "com.apple.product-type.application";
		};
/* End PBXNativeTarget section */

/* Begin PBXProject section */
		B12AA65F2ADE678200506AC6 /* Project object */ = {
			isa = PBXProject;
			attributes = {
				BuildIndependentTargetsInParallel = 1;
				LastSwiftUpdateCheck = 1430;
				LastUpgradeCheck = 1430;
				TargetAttributes = {
					B12AA6662ADE678200506AC6 = {
						CreatedOnToolsVersion = 14.3.1;
					};
				};
			};
			buildConfigurationList = B12AA6622ADE678200506AC6 /* Build configuration list for PBXProject "matrix_task" */;
			compatibilityVersion = "Xcode 14.0";
			developmentRegion = en;
			hasScannedForEncodings = 0;
			knownRegions = (
				en,
				Base,
			);
			mainGroup = B12AA65E2ADE678200506AC6;
			productRefGroup = B12AA6682ADE678200506AC6 /* Products */;
			projectDirPath = "";
			projectRoot = "";
			targets = (
				B12AA6662ADE678200506AC6 /* matrix_task */,
			);
		};
/* End PBXProject section */

/* Begin PBXResourcesBuildPhase section */
		B12AA6652ADE678200506AC6 /* Resources */ = {
			isa = PBXResourcesBuildPhase;
			buildActionMask = 2147483647;
			files = (
				B12AA6722ADE678300506AC6 /* Preview Assets.xcassets in Resources */,
				B12AA66F2ADE678300506AC6 /* Assets.xcassets in Resources */,
			);
			runOnlyForDeploymentPostprocessing = 0;
		};
/* End PBXResourcesBuildPhase section */

/* Begin PBXShellScriptBuildPhase section */
		850628AA083CD04DB819847E /* [CP] Embed Pods Frameworks */ = {
			isa = PBXShellScriptBuildPhase;
			buildActionMask = 2147483647;
			files = (
			);
			inputFileListPaths = (
				"${PODS_ROOT}/Target Support Files/Pods-matrix_todo/Pods-matrix_todo-frameworks-${CONFIGURATION}-input-files.xcfilelist",
			);
			name = "[CP] Embed Pods Frameworks";
			outputFileListPaths = (
				"${PODS_ROOT}/Target Support Files/Pods-matrix_todo/Pods-matrix_todo-frameworks-${CONFIGURATION}-output-files.xcfilelist",
			);
			runOnlyForDeploymentPostprocessing = 0;
			shellPath = /bin/sh;
			shellScript = "\"${PODS_ROOT}/Target Support Files/Pods-matrix_todo/Pods-matrix_todo-frameworks.sh\"\n";
			showEnvVarsInLog = 0;
		};
		DAA41801710C7257EB41BFAB /* [CP] Check Pods Manifest.lock */ = {
			isa = PBXShellScriptBuildPhase;
			buildActionMask = 2147483647;
			files = (
			);
			inputFileListPaths = (
			);
			inputPaths = (
				"${PODS_PODFILE_DIR_PATH}/Podfile.lock",
				"${PODS_ROOT}/Manifest.lock",
			);
			name = "[CP] Check Pods Manifest.lock";
			outputFileListPaths = (
			);
			outputPaths = (
				"$(DERIVED_FILE_DIR)/Pods-matrix_todo-checkManifestLockResult.txt",
			);
			runOnlyForDeploymentPostprocessing = 0;
			shellPath = /bin/sh;
			shellScript = "diff \"${PODS_PODFILE_DIR_PATH}/Podfile.lock\" \"${PODS_ROOT}/Manifest.lock\" > /dev/null\nif [ $? != 0 ] ; then\n    # print error to STDERR\n    echo \"error: The sandbox is not in sync with the Podfile.lock. Run 'pod install' or update your CocoaPods installation.\" >&2\n    exit 1\nfi\n# This output is used by Xcode 'outputs' to avoid re-running this script phase.\necho \"SUCCESS\" > \"${SCRIPT_OUTPUT_FILE_0}\"\n";
			showEnvVarsInLog = 0;
		};
/* End PBXShellScriptBuildPhase section */

/* Begin PBXSourcesBuildPhase section */
		B12AA6632ADE678200506AC6 /* Sources */ = {
			isa = PBXSourcesBuildPhase;
			buildActionMask = 2147483647;
			files = (
				B12AA67C2ADE694400506AC6 /* TaskDB.swift in Sources */,
				B1990E6A2AE107DF00DE4091 /* ToDoSheet.swift in Sources */,
				B1F777072AF2C9E800EF7DAA /* TaskCell.swift in Sources */,
				B12AA66D2ADE678200506AC6 /* ContentView.swift in Sources */,
				B13FCFAC2AFF8D97005951B6 /* ViewController.swift in Sources */,
				B1F7770A2AF32A2B00EF7DAA /* AddTaskPage.swift in Sources */,
				B12AA6862AE03D1200506AC6 /* CustomDatePicker.swift in Sources */,
				B1F7770D2AF50A5900EF7DAA /* ExpandedTaskPage.swift in Sources */,
				B1990E6C2AE11CF500DE4091 /* ToDoCard.swift in Sources */,
				B17C9E242AFE54D800DDB686 /* TaskShowView.swift in Sources */,
				B12AA6812ADE741800506AC6 /* ToDoListPage.swift in Sources */,
				B12AA66B2ADE678200506AC6 /* MatrixTaskApp.swift in Sources */,
				B12AA6882AE047DA00506AC6 /* DateValue.swift in Sources */,
				B12AA6832ADE758D00506AC6 /* TaskListPage.swift in Sources */,
			);
			runOnlyForDeploymentPostprocessing = 0;
		};
/* End PBXSourcesBuildPhase section */

/* Begin XCBuildConfiguration section */
		B12AA6732ADE678300506AC6 /* Debug */ = {
			isa = XCBuildConfiguration;
			buildSettings = {
				ALWAYS_SEARCH_USER_PATHS = NO;
				CLANG_ANALYZER_NONNULL = YES;
				CLANG_ANALYZER_NUMBER_OBJECT_CONVERSION = YES_AGGRESSIVE;
				CLANG_CXX_LANGUAGE_STANDARD = "gnu++20";
				CLANG_ENABLE_MODULES = YES;
				CLANG_ENABLE_OBJC_ARC = YES;
				CLANG_ENABLE_OBJC_WEAK = YES;
				CLANG_WARN_BLOCK_CAPTURE_AUTORELEASING = YES;
				CLANG_WARN_BOOL_CONVERSION = YES;
				CLANG_WARN_COMMA = YES;
				CLANG_WARN_CONSTANT_CONVERSION = YES;
				CLANG_WARN_DEPRECATED_OBJC_IMPLEMENTATIONS = YES;
				CLANG_WARN_DIRECT_OBJC_ISA_USAGE = YES_ERROR;
				CLANG_WARN_DOCUMENTATION_COMMENTS = YES;
				CLANG_WARN_EMPTY_BODY = YES;
				CLANG_WARN_ENUM_CONVERSION = YES;
				CLANG_WARN_INFINITE_RECURSION = YES;
				CLANG_WARN_INT_CONVERSION = YES;
				CLANG_WARN_NON_LITERAL_NULL_CONVERSION = YES;
				CLANG_WARN_OBJC_IMPLICIT_RETAIN_SELF = YES;
				CLANG_WARN_OBJC_LITERAL_CONVERSION = YES;
				CLANG_WARN_OBJC_ROOT_CLASS = YES_ERROR;
				CLANG_WARN_QUOTED_INCLUDE_IN_FRAMEWORK_HEADER = YES;
				CLANG_WARN_RANGE_LOOP_ANALYSIS = YES;
				CLANG_WARN_STRICT_PROTOTYPES = YES;
				CLANG_WARN_SUSPICIOUS_MOVE = YES;
				CLANG_WARN_UNGUARDED_AVAILABILITY = YES_AGGRESSIVE;
				CLANG_WARN_UNREACHABLE_CODE = YES;
				CLANG_WARN__DUPLICATE_METHOD_MATCH = YES;
				COPY_PHASE_STRIP = NO;
				DEBUG_INFORMATION_FORMAT = dwarf;
				ENABLE_STRICT_OBJC_MSGSEND = YES;
				ENABLE_TESTABILITY = YES;
				GCC_C_LANGUAGE_STANDARD = gnu11;
				GCC_DYNAMIC_NO_PIC = NO;
				GCC_NO_COMMON_BLOCKS = YES;
				GCC_OPTIMIZATION_LEVEL = 0;
				GCC_PREPROCESSOR_DEFINITIONS = (
					"DEBUG=1",
					"$(inherited)",
				);
				GCC_WARN_64_TO_32_BIT_CONVERSION = YES;
				GCC_WARN_ABOUT_RETURN_TYPE = YES_ERROR;
				GCC_WARN_UNDECLARED_SELECTOR = YES;
				GCC_WARN_UNINITIALIZED_AUTOS = YES_AGGRESSIVE;
				GCC_WARN_UNUSED_FUNCTION = YES;
				GCC_WARN_UNUSED_VARIABLE = YES;
				IPHONEOS_DEPLOYMENT_TARGET = 16.4;
				MTL_ENABLE_DEBUG_INFO = INCLUDE_SOURCE;
				MTL_FAST_MATH = YES;
				ONLY_ACTIVE_ARCH = YES;
				SDKROOT = iphoneos;
				SWIFT_ACTIVE_COMPILATION_CONDITIONS = DEBUG;
				SWIFT_OPTIMIZATION_LEVEL = "-Onone";
			};
			name = Debug;
		};
		B12AA6742ADE678300506AC6 /* Release */ = {
			isa = XCBuildConfiguration;
			buildSettings = {
				ALWAYS_SEARCH_USER_PATHS = NO;
				CLANG_ANALYZER_NONNULL = YES;
				CLANG_ANALYZER_NUMBER_OBJECT_CONVERSION = YES_AGGRESSIVE;
				CLANG_CXX_LANGUAGE_STANDARD = "gnu++20";
				CLANG_ENABLE_MODULES = YES;
				CLANG_ENABLE_OBJC_ARC = YES;
				CLANG_ENABLE_OBJC_WEAK = YES;
				CLANG_WARN_BLOCK_CAPTURE_AUTORELEASING = YES;
				CLANG_WARN_BOOL_CONVERSION = YES;
				CLANG_WARN_COMMA = YES;
				CLANG_WARN_CONSTANT_CONVERSION = YES;
				CLANG_WARN_DEPRECATED_OBJC_IMPLEMENTATIONS = YES;
				CLANG_WARN_DIRECT_OBJC_ISA_USAGE = YES_ERROR;
				CLANG_WARN_DOCUMENTATION_COMMENTS = YES;
				CLANG_WARN_EMPTY_BODY = YES;
				CLANG_WARN_ENUM_CONVERSION = YES;
				CLANG_WARN_INFINITE_RECURSION = YES;
				CLANG_WARN_INT_CONVERSION = YES;
				CLANG_WARN_NON_LITERAL_NULL_CONVERSION = YES;
				CLANG_WARN_OBJC_IMPLICIT_RETAIN_SELF = YES;
				CLANG_WARN_OBJC_LITERAL_CONVERSION = YES;
				CLANG_WARN_OBJC_ROOT_CLASS = YES_ERROR;
				CLANG_WARN_QUOTED_INCLUDE_IN_FRAMEWORK_HEADER = YES;
				CLANG_WARN_RANGE_LOOP_ANALYSIS = YES;
				CLANG_WARN_STRICT_PROTOTYPES = YES;
				CLANG_WARN_SUSPICIOUS_MOVE = YES;
				CLANG_WARN_UNGUARDED_AVAILABILITY = YES_AGGRESSIVE;
				CLANG_WARN_UNREACHABLE_CODE = YES;
				CLANG_WARN__DUPLICATE_METHOD_MATCH = YES;
				COPY_PHASE_STRIP = NO;
				DEBUG_INFORMATION_FORMAT = "dwarf-with-dsym";
				ENABLE_NS_ASSERTIONS = NO;
				ENABLE_STRICT_OBJC_MSGSEND = YES;
				GCC_C_LANGUAGE_STANDARD = gnu11;
				GCC_NO_COMMON_BLOCKS = YES;
				GCC_WARN_64_TO_32_BIT_CONVERSION = YES;
				GCC_WARN_ABOUT_RETURN_TYPE = YES_ERROR;
				GCC_WARN_UNDECLARED_SELECTOR = YES;
				GCC_WARN_UNINITIALIZED_AUTOS = YES_AGGRESSIVE;
				GCC_WARN_UNUSED_FUNCTION = YES;
				GCC_WARN_UNUSED_VARIABLE = YES;
				IPHONEOS_DEPLOYMENT_TARGET = 16.4;
				MTL_ENABLE_DEBUG_INFO = NO;
				MTL_FAST_MATH = YES;
				SDKROOT = iphoneos;
				SWIFT_COMPILATION_MODE = wholemodule;
				SWIFT_OPTIMIZATION_LEVEL = "-O";
				VALIDATE_PRODUCT = YES;
			};
			name = Release;
		};
		B12AA6762ADE678300506AC6 /* Debug */ = {
			isa = XCBuildConfiguration;
			baseConfigurationReference = E3145875962C8FBE967C2104 /* Pods-matrix_todo.debug.xcconfig */;
			buildSettings = {
				ASSETCATALOG_COMPILER_APPICON_NAME = AppIcon;
				ASSETCATALOG_COMPILER_GLOBAL_ACCENT_COLOR_NAME = AccentColor;
				CODE_SIGN_STYLE = Automatic;
				CURRENT_PROJECT_VERSION = 1;
				DEVELOPMENT_ASSET_PATHS = "\"matrix_task/Preview Content\"";
				DEVELOPMENT_TEAM = NV82VFZTFK;
				ENABLE_PREVIEWS = YES;
				GENERATE_INFOPLIST_FILE = YES;
				INFOPLIST_KEY_CFBundleDisplayName = MatrixTask;
				INFOPLIST_KEY_UIApplicationSceneManifest_Generation = YES;
				INFOPLIST_KEY_UIApplicationSupportsIndirectInputEvents = YES;
				INFOPLIST_KEY_UILaunchScreen_Generation = YES;
				INFOPLIST_KEY_UIStatusBarStyle = "";
				INFOPLIST_KEY_UISupportedInterfaceOrientations = UIInterfaceOrientationPortrait;
				INFOPLIST_KEY_UISupportedInterfaceOrientations_iPad = "UIInterfaceOrientationLandscapeLeft UIInterfaceOrientationLandscapeRight UIInterfaceOrientationPortrait";
				LD_RUNPATH_SEARCH_PATHS = (
					"$(inherited)",
					"@executable_path/Frameworks",
				);
				MARKETING_VERSION = 1.0;
				PRODUCT_BUNDLE_IDENTIFIER = "com.zerostage.matrix-task";
				PRODUCT_NAME = "$(TARGET_NAME)";
				SUPPORTED_PLATFORMS = "iphoneos iphonesimulator";
				SUPPORTS_MACCATALYST = NO;
				SUPPORTS_MAC_DESIGNED_FOR_IPHONE_IPAD = NO;
				SWIFT_EMIT_LOC_STRINGS = YES;
				SWIFT_VERSION = 5.0;
				TARGETED_DEVICE_FAMILY = "1,2";
			};
			name = Debug;
		};
		B12AA6772ADE678300506AC6 /* Release */ = {
			isa = XCBuildConfiguration;
			baseConfigurationReference = D512B7E4861959220E670B1D /* Pods-matrix_todo.release.xcconfig */;
			buildSettings = {
				ASSETCATALOG_COMPILER_APPICON_NAME = AppIcon;
				ASSETCATALOG_COMPILER_GLOBAL_ACCENT_COLOR_NAME = AccentColor;
				CODE_SIGN_STYLE = Automatic;
				CURRENT_PROJECT_VERSION = 1;
				DEVELOPMENT_ASSET_PATHS = "\"matrix_task/Preview Content\"";
				DEVELOPMENT_TEAM = NV82VFZTFK;
				ENABLE_PREVIEWS = YES;
				GENERATE_INFOPLIST_FILE = YES;
				INFOPLIST_KEY_CFBundleDisplayName = MatrixTask;
				INFOPLIST_KEY_UIApplicationSceneManifest_Generation = YES;
				INFOPLIST_KEY_UIApplicationSupportsIndirectInputEvents = YES;
				INFOPLIST_KEY_UILaunchScreen_Generation = YES;
				INFOPLIST_KEY_UIStatusBarStyle = "";
				INFOPLIST_KEY_UISupportedInterfaceOrientations = UIInterfaceOrientationPortrait;
				INFOPLIST_KEY_UISupportedInterfaceOrientations_iPad = "UIInterfaceOrientationLandscapeLeft UIInterfaceOrientationLandscapeRight UIInterfaceOrientationPortrait";
				LD_RUNPATH_SEARCH_PATHS = (
					"$(inherited)",
					"@executable_path/Frameworks",
				);
				MARKETING_VERSION = 1.0;
				PRODUCT_BUNDLE_IDENTIFIER = "com.zerostage.matrix-task";
				PRODUCT_NAME = "$(TARGET_NAME)";
				SUPPORTED_PLATFORMS = "iphoneos iphonesimulator";
				SUPPORTS_MACCATALYST = NO;
				SUPPORTS_MAC_DESIGNED_FOR_IPHONE_IPAD = NO;
				SWIFT_EMIT_LOC_STRINGS = YES;
				SWIFT_VERSION = 5.0;
				TARGETED_DEVICE_FAMILY = "1,2";
			};
			name = Release;
		};
/* End XCBuildConfiguration section */

/* Begin XCConfigurationList section */
		B12AA6622ADE678200506AC6 /* Build configuration list for PBXProject "matrix_task" */ = {
			isa = XCConfigurationList;
			buildConfigurations = (
				B12AA6732ADE678300506AC6 /* Debug */,
				B12AA6742ADE678300506AC6 /* Release */,
			);
			defaultConfigurationIsVisible = 0;
			defaultConfigurationName = Release;
		};
		B12AA6752ADE678300506AC6 /* Build configuration list for PBXNativeTarget "matrix_task" */ = {
			isa = XCConfigurationList;
			buildConfigurations = (
				B12AA6762ADE678300506AC6 /* Debug */,
				B12AA6772ADE678300506AC6 /* Release */,
			);
			defaultConfigurationIsVisible = 0;
			defaultConfigurationName = Release;
		};
/* End XCConfigurationList section */
	};
	rootObject = B12AA65F2ADE678200506AC6 /* Project object */;
}
